// !$*UTF8*$!
{
	archiveVersion = 1;
	classes = {
	};
	objectVersion = 56;
	objects = {

/* Begin PBXBuildFile section */
		A37DC3522B4D5862006B0993 /* CityCard.swift in Sources */ = {isa = PBXBuildFile; fileRef = A37DC3512B4D5862006B0993 /* CityCard.swift */; };
		A37DC3542B4D6714006B0993 /* AttractionRow.swift in Sources */ = {isa = PBXBuildFile; fileRef = A37DC3532B4D6714006B0993 /* AttractionRow.swift */; };
		A37F67D22B4FE793005BCA43 /* DemoData.json in Resources */ = {isa = PBXBuildFile; fileRef = A37F67D12B4FE793005BCA43 /* DemoData.json */; };
		A3E17AD02B4C33A200752FC9 /* GuidebookApp.swift in Sources */ = {isa = PBXBuildFile; fileRef = A3E17ACF2B4C33A200752FC9 /* GuidebookApp.swift */; };
		A3E17AD22B4C33A200752FC9 /* CityView.swift in Sources */ = {isa = PBXBuildFile; fileRef = A3E17AD12B4C33A200752FC9 /* CityView.swift */; };
		A3E17AD42B4C33A600752FC9 /* Assets.xcassets in Resources */ = {isa = PBXBuildFile; fileRef = A3E17AD32B4C33A600752FC9 /* Assets.xcassets */; };
		A3E17AD72B4C33A600752FC9 /* Preview Assets.xcassets in Resources */ = {isa = PBXBuildFile; fileRef = A3E17AD62B4C33A600752FC9 /* Preview Assets.xcassets */; };
		A3E17ADF2B4C344600752FC9 /* DetailView.swift in Sources */ = {isa = PBXBuildFile; fileRef = A3E17ADE2B4C344600752FC9 /* DetailView.swift */; };
		A3E17AE12B4C344E00752FC9 /* AttractionView.swift in Sources */ = {isa = PBXBuildFile; fileRef = A3E17AE02B4C344E00752FC9 /* AttractionView.swift */; };
		A3E17AE42B4C347A00752FC9 /* DataService.swift in Sources */ = {isa = PBXBuildFile; fileRef = A3E17AE32B4C347A00752FC9 /* DataService.swift */; };
		A3E17AE72B4C35F400752FC9 /* Attraction.swift in Sources */ = {isa = PBXBuildFile; fileRef = A3E17AE62B4C35F400752FC9 /* Attraction.swift */; };
		A3E17AE92B4C361900752FC9 /* City.swift in Sources */ = {isa = PBXBuildFile; fileRef = A3E17AE82B4C361900752FC9 /* City.swift */; };
/* End PBXBuildFile section */

/* Begin PBXFileReference section */
		A37DC3512B4D5862006B0993 /* CityCard.swift */ = {isa = PBXFileReference; lastKnownFileType = sourcecode.swift; path = CityCard.swift; sourceTree = "<group>"; };
		A37DC3532B4D6714006B0993 /* AttractionRow.swift */ = {isa = PBXFileReference; lastKnownFileType = sourcecode.swift; path = AttractionRow.swift; sourceTree = "<group>"; };
		A37F67D12B4FE793005BCA43 /* DemoData.json */ = {isa = PBXFileReference; fileEncoding = 4; lastKnownFileType = text.json; path = DemoData.json; sourceTree = "<group>"; };
		A3E17ACC2B4C33A200752FC9 /* Guidebook.app */ = {isa = PBXFileReference; explicitFileType = wrapper.application; includeInIndex = 0; path = Guidebook.app; sourceTree = BUILT_PRODUCTS_DIR; };
		A3E17ACF2B4C33A200752FC9 /* GuidebookApp.swift */ = {isa = PBXFileReference; lastKnownFileType = sourcecode.swift; path = GuidebookApp.swift; sourceTree = "<group>"; };
		A3E17AD12B4C33A200752FC9 /* CityView.swift */ = {isa = PBXFileReference; lastKnownFileType = sourcecode.swift; path = CityView.swift; sourceTree = "<group>"; };
		A3E17AD32B4C33A600752FC9 /* Assets.xcassets */ = {isa = PBXFileReference; lastKnownFileType = folder.assetcatalog; path = Assets.xcassets; sourceTree = "<group>"; };
		A3E17AD62B4C33A600752FC9 /* Preview Assets.xcassets */ = {isa = PBXFileReference; lastKnownFileType = folder.assetcatalog; path = "Preview Assets.xcassets"; sourceTree = "<group>"; };
		A3E17ADE2B4C344600752FC9 /* DetailView.swift */ = {isa = PBXFileReference; lastKnownFileType = sourcecode.swift; path = DetailView.swift; sourceTree = "<group>"; };
		A3E17AE02B4C344E00752FC9 /* AttractionView.swift */ = {isa = PBXFileReference; lastKnownFileType = sourcecode.swift; path = AttractionView.swift; sourceTree = "<group>"; };
		A3E17AE32B4C347A00752FC9 /* DataService.swift */ = {isa = PBXFileReference; lastKnownFileType = sourcecode.swift; path = DataService.swift; sourceTree = "<group>"; };
		A3E17AE62B4C35F400752FC9 /* Attraction.swift */ = {isa = PBXFileReference; lastKnownFileType = sourcecode.swift; path = Attraction.swift; sourceTree = "<group>"; };
		A3E17AE82B4C361900752FC9 /* City.swift */ = {isa = PBXFileReference; lastKnownFileType = sourcecode.swift; path = City.swift; sourceTree = "<group>"; };
/* End PBXFileReference section */

/* Begin PBXFrameworksBuildPhase section */
		A3E17AC92B4C33A200752FC9 /* Frameworks */ = {
			isa = PBXFrameworksBuildPhase;
			buildActionMask = 2147483647;
			files = (
			);
			runOnlyForDeploymentPostprocessing = 0;
		};
/* End PBXFrameworksBuildPhase section */

/* Begin PBXGroup section */
		A3E17AC32B4C33A200752FC9 = {
			isa = PBXGroup;
			children = (
				A3E17ACE2B4C33A200752FC9 /* Guidebook */,
				A3E17ACD2B4C33A200752FC9 /* Products */,
			);
			sourceTree = "<group>";
		};
		A3E17ACD2B4C33A200752FC9 /* Products */ = {
			isa = PBXGroup;
			children = (
				A3E17ACC2B4C33A200752FC9 /* Guidebook.app */,
			);
			name = Products;
			sourceTree = "<group>";
		};
		A3E17ACE2B4C33A200752FC9 /* Guidebook */ = {
			isa = PBXGroup;
			children = (
				A37F67D12B4FE793005BCA43 /* DemoData.json */,
				A3E17AE52B4C35E900752FC9 /* Models */,
				A3E17AE22B4C346F00752FC9 /* ViewModels */,
				A3E17ADD2B4C343D00752FC9 /* Views */,
				A3E17ACF2B4C33A200752FC9 /* GuidebookApp.swift */,
				A3E17AD32B4C33A600752FC9 /* Assets.xcassets */,
				A3E17AD52B4C33A600752FC9 /* Preview Content */,
			);
			path = Guidebook;
			sourceTree = "<group>";
		};
		A3E17AD52B4C33A600752FC9 /* Preview Content */ = {
			isa = PBXGroup;
			children = (
				A3E17AD62B4C33A600752FC9 /* Preview Assets.xcassets */,
			);
			path = "Preview Content";
			sourceTree = "<group>";
		};
		A3E17ADD2B4C343D00752FC9 /* Views */ = {
			isa = PBXGroup;
			children = (
				A3E17AD12B4C33A200752FC9 /* CityView.swift */,
				A3E17ADE2B4C344600752FC9 /* DetailView.swift */,
				A3E17AE02B4C344E00752FC9 /* AttractionView.swift */,
				A37DC3512B4D5862006B0993 /* CityCard.swift */,
				A37DC3532B4D6714006B0993 /* AttractionRow.swift */,
			);
			path = Views;
			sourceTree = "<group>";
		};
		A3E17AE22B4C346F00752FC9 /* ViewModels */ = {
			isa = PBXGroup;
			children = (
				A3E17AE32B4C347A00752FC9 /* DataService.swift */,
			);
			path = ViewModels;
			sourceTree = "<group>";
		};
		A3E17AE52B4C35E900752FC9 /* Models */ = {
			isa = PBXGroup;
			children = (
				A3E17AE62B4C35F400752FC9 /* Attraction.swift */,
				A3E17AE82B4C361900752FC9 /* City.swift */,
			);
			path = Models;
			sourceTree = "<group>";
		};
/* End PBXGroup section */

/* Begin PBXNativeTarget section */
		A3E17ACB2B4C33A200752FC9 /* Guidebook */ = {
			isa = PBXNativeTarget;
			buildConfigurationList = A3E17ADA2B4C33A600752FC9 /* Build configuration list for PBXNativeTarget "Guidebook" */;
			buildPhases = (
				A3E17AC82B4C33A200752FC9 /* Sources */,
				A3E17AC92B4C33A200752FC9 /* Frameworks */,
				A3E17ACA2B4C33A200752FC9 /* Resources */,
			);
			buildRules = (
			);
			dependencies = (
			);
			name = Guidebook;
			productName = Guidebook;
			productReference = A3E17ACC2B4C33A200752FC9 /* Guidebook.app */;
			productType = "com.apple.product-type.application";
		};
/* End PBXNativeTarget section */

/* Begin PBXProject section */
		A3E17AC42B4C33A200752FC9 /* Project object */ = {
			isa = PBXProject;
			attributes = {
				BuildIndependentTargetsInParallel = 1;
				LastSwiftUpdateCheck = 1510;
				LastUpgradeCheck = 1510;
				TargetAttributes = {
					A3E17ACB2B4C33A200752FC9 = {
						CreatedOnToolsVersion = 15.1;
					};
				};
			};
			buildConfigurationList = A3E17AC72B4C33A200752FC9 /* Build configuration list for PBXProject "Guidebook" */;
			compatibilityVersion = "Xcode 14.0";
			developmentRegion = en;
			hasScannedForEncodings = 0;
			knownRegions = (
				en,
				Base,
			);
			mainGroup = A3E17AC32B4C33A200752FC9;
			productRefGroup = A3E17ACD2B4C33A200752FC9 /* Products */;
			projectDirPath = "";
			projectRoot = "";
			targets = (
				A3E17ACB2B4C33A200752FC9 /* Guidebook */,
			);
		};
/* End PBXProject section */

/* Begin PBXResourcesBuildPhase section */
		A3E17ACA2B4C33A200752FC9 /* Resources */ = {
			isa = PBXResourcesBuildPhase;
			buildActionMask = 2147483647;
			files = (
				A3E17AD72B4C33A600752FC9 /* Preview Assets.xcassets in Resources */,
				A37F67D22B4FE793005BCA43 /* DemoData.json in Resources */,
				A3E17AD42B4C33A600752FC9 /* Assets.xcassets in Resources */,
			);
			runOnlyForDeploymentPostprocessing = 0;
		};
/* End PBXResourcesBuildPhase section */

/* Begin PBXSourcesBuildPhase section */
		A3E17AC82B4C33A200752FC9 /* Sources */ = {
			isa = PBXSourcesBuildPhase;
			buildActionMask = 2147483647;
			files = (
				A3E17AD22B4C33A200752FC9 /* CityView.swift in Sources */,
				A3E17ADF2B4C344600752FC9 /* DetailView.swift in Sources */,
				A37DC3542B4D6714006B0993 /* AttractionRow.swift in Sources */,
				A3E17AD02B4C33A200752FC9 /* GuidebookApp.swift in Sources */,
				A3E17AE12B4C344E00752FC9 /* AttractionView.swift in Sources */,
				A37DC3522B4D5862006B0993 /* CityCard.swift in Sources */,
				A3E17AE72B4C35F400752FC9 /* Attraction.swift in Sources */,
				A3E17AE42B4C347A00752FC9 /* DataService.swift in Sources */,
				A3E17AE92B4C361900752FC9 /* City.swift in Sources */,
			);
			runOnlyForDeploymentPostprocessing = 0;
		};
/* End PBXSourcesBuildPhase section */

/* Begin XCBuildConfiguration section */
		A3E17AD82B4C33A600752FC9 /* Debug */ = {
			isa = XCBuildConfiguration;
			buildSettings = {
				ALWAYS_SEARCH_USER_PATHS = NO;
				ASSETCATALOG_COMPILER_GENERATE_SWIFT_ASSET_SYMBOL_EXTENSIONS = YES;
				CLANG_ANALYZER_NONNULL = YES;
				CLANG_ANALYZER_NUMBER_OBJECT_CONVERSION = YES_AGGRESSIVE;
				CLANG_CXX_LANGUAGE_STANDARD = "gnu++20";
				CLANG_ENABLE_MODULES = YES;
				CLANG_ENABLE_OBJC_ARC = YES;
				CLANG_ENABLE_OBJC_WEAK = YES;
				CLANG_WARN_BLOCK_CAPTURE_AUTORELEASING = YES;
				CLANG_WARN_BOOL_CONVERSION = YES;
				CLANG_WARN_COMMA = YES;
				CLANG_WARN_CONSTANT_CONVERSION = YES;
				CLANG_WARN_DEPRECATED_OBJC_IMPLEMENTATIONS = YES;
				CLANG_WARN_DIRECT_OBJC_ISA_USAGE = YES_ERROR;
				CLANG_WARN_DOCUMENTATION_COMMENTS = YES;
				CLANG_WARN_EMPTY_BODY = YES;
				CLANG_WARN_ENUM_CONVERSION = YES;
				CLANG_WARN_INFINITE_RECURSION = YES;
				CLANG_WARN_INT_CONVERSION = YES;
				CLANG_WARN_NON_LITERAL_NULL_CONVERSION = YES;
				CLANG_WARN_OBJC_IMPLICIT_RETAIN_SELF = YES;
				CLANG_WARN_OBJC_LITERAL_CONVERSION = YES;
				CLANG_WARN_OBJC_ROOT_CLASS = YES_ERROR;
				CLANG_WARN_QUOTED_INCLUDE_IN_FRAMEWORK_HEADER = YES;
				CLANG_WARN_RANGE_LOOP_ANALYSIS = YES;
				CLANG_WARN_STRICT_PROTOTYPES = YES;
				CLANG_WARN_SUSPICIOUS_MOVE = YES;
				CLANG_WARN_UNGUARDED_AVAILABILITY = YES_AGGRESSIVE;
				CLANG_WARN_UNREACHABLE_CODE = YES;
				CLANG_WARN__DUPLICATE_METHOD_MATCH = YES;
				COPY_PHASE_STRIP = NO;
				DEBUG_INFORMATION_FORMAT = dwarf;
				ENABLE_STRICT_OBJC_MSGSEND = YES;
				ENABLE_TESTABILITY = YES;
				ENABLE_USER_SCRIPT_SANDBOXING = YES;
				GCC_C_LANGUAGE_STANDARD = gnu17;
				GCC_DYNAMIC_NO_PIC = NO;
				GCC_NO_COMMON_BLOCKS = YES;
				GCC_OPTIMIZATION_LEVEL = 0;
				GCC_PREPROCESSOR_DEFINITIONS = (
					"DEBUG=1",
					"$(inherited)",
				);
				GCC_WARN_64_TO_32_BIT_CONVERSION = YES;
				GCC_WARN_ABOUT_RETURN_TYPE = YES_ERROR;
				GCC_WARN_UNDECLARED_SELECTOR = YES;
				GCC_WARN_UNINITIALIZED_AUTOS = YES_AGGRESSIVE;
				GCC_WARN_UNUSED_FUNCTION = YES;
				GCC_WARN_UNUSED_VARIABLE = YES;
				IPHONEOS_DEPLOYMENT_TARGET = 17.2;
				LOCALIZATION_PREFERS_STRING_CATALOGS = YES;
				MTL_ENABLE_DEBUG_INFO = INCLUDE_SOURCE;
				MTL_FAST_MATH = YES;
				ONLY_ACTIVE_ARCH = YES;
				SDKROOT = iphoneos;
				SWIFT_ACTIVE_COMPILATION_CONDITIONS = "DEBUG $(inherited)";
				SWIFT_OPTIMIZATION_LEVEL = "-Onone";
			};
			name = Debug;
		};
		A3E17AD92B4C33A600752FC9 /* Release */ = {
			isa = XCBuildConfiguration;
			buildSettings = {
				ALWAYS_SEARCH_USER_PATHS = NO;
				ASSETCATALOG_COMPILER_GENERATE_SWIFT_ASSET_SYMBOL_EXTENSIONS = YES;
				CLANG_ANALYZER_NONNULL = YES;
				CLANG_ANALYZER_NUMBER_OBJECT_CONVERSION = YES_AGGRESSIVE;
				CLANG_CXX_LANGUAGE_STANDARD = "gnu++20";
				CLANG_ENABLE_MODULES = YES;
				CLANG_ENABLE_OBJC_ARC = YES;
				CLANG_ENABLE_OBJC_WEAK = YES;
				CLANG_WARN_BLOCK_CAPTURE_AUTORELEASING = YES;
				CLANG_WARN_BOOL_CONVERSION = YES;
				CLANG_WARN_COMMA = YES;
				CLANG_WARN_CONSTANT_CONVERSION = YES;
				CLANG_WARN_DEPRECATED_OBJC_IMPLEMENTATIONS = YES;
				CLANG_WARN_DIRECT_OBJC_ISA_USAGE = YES_ERROR;
				CLANG_WARN_DOCUMENTATION_COMMENTS = YES;
				CLANG_WARN_EMPTY_BODY = YES;
				CLANG_WARN_ENUM_CONVERSION = YES;
				CLANG_WARN_INFINITE_RECURSION = YES;
				CLANG_WARN_INT_CONVERSION = YES;
				CLANG_WARN_NON_LITERAL_NULL_CONVERSION = YES;
				CLANG_WARN_OBJC_IMPLICIT_RETAIN_SELF = YES;
				CLANG_WARN_OBJC_LITERAL_CONVERSION = YES;
				CLANG_WARN_OBJC_ROOT_CLASS = YES_ERROR;
				CLANG_WARN_QUOTED_INCLUDE_IN_FRAMEWORK_HEADER = YES;
				CLANG_WARN_RANGE_LOOP_ANALYSIS = YES;
				CLANG_WARN_STRICT_PROTOTYPES = YES;
				CLANG_WARN_SUSPICIOUS_MOVE = YES;
				CLANG_WARN_UNGUARDED_AVAILABILITY = YES_AGGRESSIVE;
				CLANG_WARN_UNREACHABLE_CODE = YES;
				CLANG_WARN__DUPLICATE_METHOD_MATCH = YES;
				COPY_PHASE_STRIP = NO;
				DEBUG_INFORMATION_FORMAT = "dwarf-with-dsym";
				ENABLE_NS_ASSERTIONS = NO;
				ENABLE_STRICT_OBJC_MSGSEND = YES;
				ENABLE_USER_SCRIPT_SANDBOXING = YES;
				GCC_C_LANGUAGE_STANDARD = gnu17;
				GCC_NO_COMMON_BLOCKS = YES;
				GCC_WARN_64_TO_32_BIT_CONVERSION = YES;
				GCC_WARN_ABOUT_RETURN_TYPE = YES_ERROR;
				GCC_WARN_UNDECLARED_SELECTOR = YES;
				GCC_WARN_UNINITIALIZED_AUTOS = YES_AGGRESSIVE;
				GCC_WARN_UNUSED_FUNCTION = YES;
				GCC_WARN_UNUSED_VARIABLE = YES;
				IPHONEOS_DEPLOYMENT_TARGET = 17.2;
				LOCALIZATION_PREFERS_STRING_CATALOGS = YES;
				MTL_ENABLE_DEBUG_INFO = NO;
				MTL_FAST_MATH = YES;
				SDKROOT = iphoneos;
				SWIFT_COMPILATION_MODE = wholemodule;
				VALIDATE_PRODUCT = YES;
			};
			name = Release;
		};
		A3E17ADB2B4C33A600752FC9 /* Debug */ = {
			isa = XCBuildConfiguration;
			buildSettings = {
				ASSETCATALOG_COMPILER_APPICON_NAME = AppIcon;
				ASSETCATALOG_COMPILER_GLOBAL_ACCENT_COLOR_NAME = AccentColor;
				CODE_SIGN_STYLE = Automatic;
				CURRENT_PROJECT_VERSION = 1;
				DEVELOPMENT_ASSET_PATHS = "\"Guidebook/Preview Content\"";
				DEVELOPMENT_TEAM = 33KG33NLFD;
				ENABLE_PREVIEWS = YES;
				GENERATE_INFOPLIST_FILE = YES;
				INFOPLIST_KEY_UIApplicationSceneManifest_Generation = YES;
				INFOPLIST_KEY_UIApplicationSupportsIndirectInputEvents = YES;
				INFOPLIST_KEY_UILaunchScreen_Generation = YES;
				INFOPLIST_KEY_UISupportedInterfaceOrientations_iPad = "UIInterfaceOrientationPortrait UIInterfaceOrientationPortraitUpsideDown UIInterfaceOrientationLandscapeLeft UIInterfaceOrientationLandscapeRight";
				INFOPLIST_KEY_UISupportedInterfaceOrientations_iPhone = "UIInterfaceOrientationPortrait UIInterfaceOrientationLandscapeLeft UIInterfaceOrientationLandscapeRight";
				LD_RUNPATH_SEARCH_PATHS = (
					"$(inherited)",
					"@executable_path/Frameworks",
				);
				MARKETING_VERSION = 1.0;
				PRODUCT_BUNDLE_IDENTIFIER = com.tayamirai.Guidebook;
				PRODUCT_NAME = "$(TARGET_NAME)";
				SWIFT_EMIT_LOC_STRINGS = YES;
				SWIFT_VERSION = 5.0;
				TARGETED_DEVICE_FAMILY = "1,2";
			};
			name = Debug;
		};
		A3E17ADC2B4C33A600752FC9 /* Release */ = {
			isa = XCBuildConfiguration;
			buildSettings = {
				ASSETCATALOG_COMPILER_APPICON_NAME = AppIcon;
				ASSETCATALOG_COMPILER_GLOBAL_ACCENT_COLOR_NAME = AccentColor;
				CODE_SIGN_STYLE = Automatic;
				CURRENT_PROJECT_VERSION = 1;
				DEVELOPMENT_ASSET_PATHS = "\"Guidebook/Preview Content\"";
				DEVELOPMENT_TEAM = 33KG33NLFD;
				ENABLE_PREVIEWS = YES;
				GENERATE_INFOPLIST_FILE = YES;
				INFOPLIST_KEY_UIApplicationSceneManifest_Generation = YES;
				INFOPLIST_KEY_UIApplicationSupportsIndirectInputEvents = YES;
				INFOPLIST_KEY_UILaunchScreen_Generation = YES;
				INFOPLIST_KEY_UISupportedInterfaceOrientations_iPad = "UIInterfaceOrientationPortrait UIInterfaceOrientationPortraitUpsideDown UIInterfaceOrientationLandscapeLeft UIInterfaceOrientationLandscapeRight";
				INFOPLIST_KEY_UISupportedInterfaceOrientations_iPhone = "UIInterfaceOrientationPortrait UIInterfaceOrientationLandscapeLeft UIInterfaceOrientationLandscapeRight";
				LD_RUNPATH_SEARCH_PATHS = (
					"$(inherited)",
					"@executable_path/Frameworks",
				);
				MARKETING_VERSION = 1.0;
				PRODUCT_BUNDLE_IDENTIFIER = com.tayamirai.Guidebook;
				PRODUCT_NAME = "$(TARGET_NAME)";
				SWIFT_EMIT_LOC_STRINGS = YES;
				SWIFT_VERSION = 5.0;
				TARGETED_DEVICE_FAMILY = "1,2";
			};
			name = Release;
		};
/* End XCBuildConfiguration section */

/* Begin XCConfigurationList section */
		A3E17AC72B4C33A200752FC9 /* Build configuration list for PBXProject "Guidebook" */ = {
			isa = XCConfigurationList;
			buildConfigurations = (
				A3E17AD82B4C33A600752FC9 /* Debug */,
				A3E17AD92B4C33A600752FC9 /* Release */,
			);
			defaultConfigurationIsVisible = 0;
			defaultConfigurationName = Release;
		};
		A3E17ADA2B4C33A600752FC9 /* Build configuration list for PBXNativeTarget "Guidebook" */ = {
			isa = XCConfigurationList;
			buildConfigurations = (
				A3E17ADB2B4C33A600752FC9 /* Debug */,
				A3E17ADC2B4C33A600752FC9 /* Release */,
			);
			defaultConfigurationIsVisible = 0;
			defaultConfigurationName = Release;
		};
/* End XCConfigurationList section */
	};
	rootObject = A3E17AC42B4C33A200752FC9 /* Project object */;
}
